
Microsoft Visual Studio Solution File, Format Version 12.00
# Visual Studio Version 17
VisualStudioVersion = 17.0.31903.59
MinimumVisualStudioVersion = 10.0.40219.1
Project("{2150E333-8FDC-42A3-9474-1A3956D46DE8}") = "src", "src", "{827E0CD3-B72D-47B6-A68D-7590B98EB39B}"
EndProject
Project("{FAE04EC0-301F-11D3-BF4B-00C04F79EFBC}") = "ThuleSignal.Domain", "src\ThuleSignal.Domain\ThuleSignal.Domain.csproj", "{0E6166FD-90CF-4C33-919B-364E2CFB1ACD}"
EndProject
Project("{FAE04EC0-301F-11D3-BF4B-00C04F79EFBC}") = "ThuleSignal.App", "src\ThuleSignal.App\ThuleSignal.App.csproj", "{DF28BF93-3E43-42AF-88F0-4564F1982C34}"
EndProject
Project("{2150E333-8FDC-42A3-9474-1A3956D46DE8}") = "tests", "tests", "{0AB3BF05-4346-4AA6-1389-037BE0695223}"
EndProject
Project("{FAE04EC0-301F-11D3-BF4B-00C04F79EFBC}") = "ThuleSignal.Tests", "tests\ThuleSignal.Tests\ThuleSignal.Tests.csproj", "{6185284D-29BF-47A2-BF9C-D66C77EB0612}"
EndProject
Global
	GlobalSection(SolutionConfigurationPlatforms) = preSolution
		Debug|Any CPU = Debug|Any CPU
		Debug|x64 = Debug|x64
		Debug|x86 = Debug|x86
		Release|Any CPU = Release|Any CPU
		Release|x64 = Release|x64
		Release|x86 = Release|x86
	EndGlobalSection
	GlobalSection(ProjectConfigurationPlatforms) = postSolution
		{0E6166FD-90CF-4C33-919B-364E2CFB1ACD}.Debug|Any CPU.ActiveCfg = Debug|Any CPU
		{0E6166FD-90CF-4C33-919B-364E2CFB1ACD}.Debug|Any CPU.Build.0 = Debug|Any CPU
		{0E6166FD-90CF-4C33-919B-364E2CFB1ACD}.Debug|x64.ActiveCfg = Debug|Any CPU
		{0E6166FD-90CF-4C33-919B-364E2CFB1ACD}.Debug|x64.Build.0 = Debug|Any CPU
		{0E6166FD-90CF-4C33-919B-364E2CFB1ACD}.Debug|x86.ActiveCfg = Debug|Any CPU
		{0E6166FD-90CF-4C33-919B-364E2CFB1ACD}.Debug|x86.Build.0 = Debug|Any CPU
		{0E6166FD-90CF-4C33-919B-364E2CFB1ACD}.Release|Any CPU.ActiveCfg = Release|Any CPU
		{0E6166FD-90CF-4C33-919B-364E2CFB1ACD}.Release|Any CPU.Build.0 = Release|Any CPU
		{0E6166FD-90CF-4C33-919B-364E2CFB1ACD}.Release|x64.ActiveCfg = Release|Any CPU
		{0E6166FD-90CF-4C33-919B-364E2CFB1ACD}.Release|x64.Build.0 = Release|Any CPU
		{0E6166FD-90CF-4C33-919B-364E2CFB1ACD}.Release|x86.ActiveCfg = Release|Any CPU
		{0E6166FD-90CF-4C33-919B-364E2CFB1ACD}.Release|x86.Build.0 = Release|Any CPU
		{DF28BF93-3E43-42AF-88F0-4564F1982C34}.Debug|Any CPU.ActiveCfg = Debug|Any CPU
		{DF28BF93-3E43-42AF-88F0-4564F1982C34}.Debug|Any CPU.Build.0 = Debug|Any CPU
		{DF28BF93-3E43-42AF-88F0-4564F1982C34}.Debug|x64.ActiveCfg = Debug|Any CPU
		{DF28BF93-3E43-42AF-88F0-4564F1982C34}.Debug|x64.Build.0 = Debug|Any CPU
		{DF28BF93-3E43-42AF-88F0-4564F1982C34}.Debug|x86.ActiveCfg = Debug|Any CPU
		{DF28BF93-3E43-42AF-88F0-4564F1982C34}.Debug|x86.Build.0 = Debug|Any CPU
		{DF28BF93-3E43-42AF-88F0-4564F1982C34}.Release|Any CPU.ActiveCfg = Release|Any CPU
		{DF28BF93-3E43-42AF-88F0-4564F1982C34}.Release|Any CPU.Build.0 = Release|Any CPU
		{DF28BF93-3E43-42AF-88F0-4564F1982C34}.Release|x64.ActiveCfg = Release|Any CPU
		{DF28BF93-3E43-42AF-88F0-4564F1982C34}.Release|x64.Build.0 = Release|Any CPU
		{DF28BF93-3E43-42AF-88F0-4564F1982C34}.Release|x86.ActiveCfg = Release|Any CPU
		{DF28BF93-3E43-42AF-88F0-4564F1982C34}.Release|x86.Build.0 = Release|Any CPU
		{6185284D-29BF-47A2-BF9C-D66C77EB0612}.Debug|Any CPU.ActiveCfg = Debug|Any CPU
		{6185284D-29BF-47A2-BF9C-D66C77EB0612}.Debug|Any CPU.Build.0 = Debug|Any CPU
		{6185284D-29BF-47A2-BF9C-D66C77EB0612}.Debug|x64.ActiveCfg = Debug|Any CPU
		{6185284D-29BF-47A2-BF9C-D66C77EB0612}.Debug|x64.Build.0 = Debug|Any CPU
		{6185284D-29BF-47A2-BF9C-D66C77EB0612}.Debug|x86.ActiveCfg = Debug|Any CPU
		{6185284D-29BF-47A2-BF9C-D66C77EB0612}.Debug|x86.Build.0 = Debug|Any CPU
		{6185284D-29BF-47A2-BF9C-D66C77EB0612}.Release|Any CPU.ActiveCfg = Release|Any CPU
		{6185284D-29BF-47A2-BF9C-D66C77EB0612}.Release|Any CPU.Build.0 = Release|Any CPU
		{6185284D-29BF-47A2-BF9C-D66C77EB0612}.Release|x64.ActiveCfg = Release|Any CPU
		{6185284D-29BF-47A2-BF9C-D66C77EB0612}.Release|x64.Build.0 = Release|Any CPU
		{6185284D-29BF-47A2-BF9C-D66C77EB0612}.Release|x86.ActiveCfg = Release|Any CPU
		{6185284D-29BF-47A2-BF9C-D66C77EB0612}.Release|x86.Build.0 = Release|Any CPU
	EndGlobalSection
	GlobalSection(SolutionProperties) = preSolution
		HideSolutionNode = FALSE
	EndGlobalSection
	GlobalSection(NestedProjects) = preSolution
		{0E6166FD-90CF-4C33-919B-364E2CFB1ACD} = {827E0CD3-B72D-47B6-A68D-7590B98EB39B}
		{DF28BF93-3E43-42AF-88F0-4564F1982C34} = {827E0CD3-B72D-47B6-A68D-7590B98EB39B}
		{6185284D-29BF-47A2-BF9C-D66C77EB0612} = {0AB3BF05-4346-4AA6-1389-037BE0695223}
	EndGlobalSection
EndGlobal
